
Microsoft Visual Studio Solution File, Format Version 12.00
# Visual Studio Version 17
VisualStudioVersion = 17.9.34616.47
MinimumVisualStudioVersion = 10.0.40219.1
Project("{FAE04EC0-301F-11D3-BF4B-00C04F79EFBC}") = "MinimalAPIsMovies", "MinimalAPIsMovies\MinimalAPIsMovies.csproj", "{228C8518-3E63-4A51-823A-73B1F4930B57}"
EndProject
Global
	GlobalSection(SolutionConfigurationPlatforms) = preSolution
		Debug|Any CPU = Debug|Any CPU
		Release|Any CPU = Release|Any CPU
	EndGlobalSection
	GlobalSection(ProjectConfigurationPlatforms) = postSolution
		{228C8518-3E63-4A51-823A-73B1F4930B57}.Debug|Any CPU.ActiveCfg = Debug|Any CPU
		{228C8518-3E63-4A51-823A-73B1F4930B57}.Debug|Any CPU.Build.0 = Debug|Any CPU
		{228C8518-3E63-4A51-823A-73B1F4930B57}.Release|Any CPU.ActiveCfg = Release|Any CPU
		{228C8518-3E63-4A51-823A-73B1F4930B57}.Release|Any CPU.Build.0 = Release|Any CPU
	EndGlobalSection
	GlobalSection(SolutionProperties) = preSolution
		HideSolutionNode = FALSE
	EndGlobalSection
	GlobalSection(ExtensibilityGlobals) = postSolution
		SolutionGuid = {21DFAA0B-9631-4664-B628-BCF2C9D48802}
	EndGlobalSection
EndGlobal
